
Microsoft Visual Studio Solution File, Format Version 12.00
# Visual Studio Version 16
VisualStudioVersion = 16.0.30711.63
MinimumVisualStudioVersion = 10.0.40219.1
Project("{FAE04EC0-301F-11D3-BF4B-00C04F79EFBC}") = "OrderApi", "OrderApi\OrderApi.csproj", "{63C1264B-5D67-4029-9BD2-C61C2090697D}"
EndProject
Project("{FAE04EC0-301F-11D3-BF4B-00C04F79EFBC}") = "Order.Data", "Order.Data\Order.Data.csproj", "{87F10C03-A782-479E-B3B5-6D66EAFA54FD}"
EndProject
Project("{FAE04EC0-301F-11D3-BF4B-00C04F79EFBC}") = "Order.Logic", "Order.Logic\Order.Logic.csproj", "{235E3833-F157-4BAB-BC3D-4271FF8558A2}"
EndProject
Global
	GlobalSection(SolutionConfigurationPlatforms) = preSolution
		Debug|Any CPU = Debug|Any CPU
		Release|Any CPU = Release|Any CPU
	EndGlobalSection
	GlobalSection(ProjectConfigurationPlatforms) = postSolution
		{63C1264B-5D67-4029-9BD2-C61C2090697D}.Debug|Any CPU.ActiveCfg = Debug|Any CPU
		{63C1264B-5D67-4029-9BD2-C61C2090697D}.Debug|Any CPU.Build.0 = Debug|Any CPU
		{63C1264B-5D67-4029-9BD2-C61C2090697D}.Release|Any CPU.ActiveCfg = Release|Any CPU
		{63C1264B-5D67-4029-9BD2-C61C2090697D}.Release|Any CPU.Build.0 = Release|Any CPU
		{87F10C03-A782-479E-B3B5-6D66EAFA54FD}.Debug|Any CPU.ActiveCfg = Debug|Any CPU
		{87F10C03-A782-479E-B3B5-6D66EAFA54FD}.Debug|Any CPU.Build.0 = Debug|Any CPU
		{87F10C03-A782-479E-B3B5-6D66EAFA54FD}.Release|Any CPU.ActiveCfg = Release|Any CPU
		{87F10C03-A782-479E-B3B5-6D66EAFA54FD}.Release|Any CPU.Build.0 = Release|Any CPU
		{235E3833-F157-4BAB-BC3D-4271FF8558A2}.Debug|Any CPU.ActiveCfg = Debug|Any CPU
		{235E3833-F157-4BAB-BC3D-4271FF8558A2}.Debug|Any CPU.Build.0 = Debug|Any CPU
		{235E3833-F157-4BAB-BC3D-4271FF8558A2}.Release|Any CPU.ActiveCfg = Release|Any CPU
		{235E3833-F157-4BAB-BC3D-4271FF8558A2}.Release|Any CPU.Build.0 = Release|Any CPU
	EndGlobalSection
	GlobalSection(SolutionProperties) = preSolution
		HideSolutionNode = FALSE
	EndGlobalSection
	GlobalSection(ExtensibilityGlobals) = postSolution
		SolutionGuid = {7373E3CB-F507-4FE6-9D9B-A6E37C31502E}
	EndGlobalSection
EndGlobal
